
Microsoft Visual Studio Solution File, Format Version 12.00
# Visual Studio Version 17
VisualStudioVersion = 17.4.33110.190
MinimumVisualStudioVersion = 10.0.40219.1
Project("{FAE04EC0-301F-11D3-BF4B-00C04F79EFBC}") = "Stack_And_Queue", "Stack_And_Queue.csproj", "{78EEB8EE-6B9B-4D88-8334-499FDC3F790A}"
EndProject
Global
	GlobalSection(SolutionConfigurationPlatforms) = preSolution
		Debug|Any CPU = Debug|Any CPU
		Release|Any CPU = Release|Any CPU
	EndGlobalSection
	GlobalSection(ProjectConfigurationPlatforms) = postSolution
		{78EEB8EE-6B9B-4D88-8334-499FDC3F790A}.Debug|Any CPU.ActiveCfg = Debug|Any CPU
		{78EEB8EE-6B9B-4D88-8334-499FDC3F790A}.Debug|Any CPU.Build.0 = Debug|Any CPU
		{78EEB8EE-6B9B-4D88-8334-499FDC3F790A}.Release|Any CPU.ActiveCfg = Release|Any CPU
		{78EEB8EE-6B9B-4D88-8334-499FDC3F790A}.Release|Any CPU.Build.0 = Release|Any CPU
	EndGlobalSection
	GlobalSection(SolutionProperties) = preSolution
		HideSolutionNode = FALSE
	EndGlobalSection
	GlobalSection(ExtensibilityGlobals) = postSolution
		SolutionGuid = {B4BC6041-9966-4C13-A4D3-D84A7598A8EB}
	EndGlobalSection
EndGlobal
